// !$*UTF8*$!
{
	archiveVersion = 1;
	classes = {
	};
	objectVersion = 50;
	objects = {

/* Begin PBXBuildFile section */
		2DC791D9DDBE9D1CC9D96EEF /* Pods_tryLeadLinkModularComponent.framework in Frameworks */ = {isa = PBXBuildFile; fileRef = B2102075DD73E10FE0BE3C87 /* Pods_tryLeadLinkModularComponent.framework */; };
		7CC14A1A225E44E400FEECC5 /* Extensions.swift in Sources */ = {isa = PBXBuildFile; fileRef = 7CC14A19225E44E400FEECC5 /* Extensions.swift */; };
		7CC14A20225F7D2A00FEECC5 /* GlobalFuncs.swift in Sources */ = {isa = PBXBuildFile; fileRef = 7CC14A1F225F7D2A00FEECC5 /* GlobalFuncs.swift */; };
		7CC14A23225F7DBB00FEECC5 /* Models.swift in Sources */ = {isa = PBXBuildFile; fileRef = 7CC14A22225F7DBB00FEECC5 /* Models.swift */; };
		7CC14A25225F7E1100FEECC5 /* AnswerModel.swift in Sources */ = {isa = PBXBuildFile; fileRef = 7CC14A24225F7E1100FEECC5 /* AnswerModel.swift */; };
		7CC14A27225F831F00FEECC5 /* ViewStackerFactory.swift in Sources */ = {isa = PBXBuildFile; fileRef = 7CC14A26225F831F00FEECC5 /* ViewStackerFactory.swift */; };
		7CCFEAE3226B242F004F4838 /* LeadLinkKitError.swift in Sources */ = {isa = PBXBuildFile; fileRef = 7CCFEACF226B242E004F4838 /* LeadLinkKitError.swift */; };
		7CCFEAE4226B242F004F4838 /* TokenAndCredentials.swift in Sources */ = {isa = PBXBuildFile; fileRef = 7CCFEAD0226B242E004F4838 /* TokenAndCredentials.swift */; };
		7CCFEAE5226B242F004F4838 /* ErrorMessage.swift in Sources */ = {isa = PBXBuildFile; fileRef = 7CCFEAD1226B242E004F4838 /* ErrorMessage.swift */; };
		7CCFEAE6226B242F004F4838 /* SignInResponsePayload.swift in Sources */ = {isa = PBXBuildFile; fileRef = 7CCFEAD2226B242E004F4838 /* SignInResponsePayload.swift */; };
		7CCFEAE7226B242F004F4838 /* SignInErrorPayload.swift in Sources */ = {isa = PBXBuildFile; fileRef = 7CCFEAD3226B242E004F4838 /* SignInErrorPayload.swift */; };
		7CCFEAE8226B242F004F4838 /* RealmQuestion.swift in Sources */ = {isa = PBXBuildFile; fileRef = 7CCFEAD5226B242E004F4838 /* RealmQuestion.swift */; };
		7CCFEAE9226B242F004F4838 /* RealmCampaign.swift in Sources */ = {isa = PBXBuildFile; fileRef = 7CCFEAD6226B242E004F4838 /* RealmCampaign.swift */; };
		7CCFEAEA226B242F004F4838 /* RealmAnswer.swift in Sources */ = {isa = PBXBuildFile; fileRef = 7CCFEAD7226B242E004F4838 /* RealmAnswer.swift */; };
		7CCFEAEB226B242F004F4838 /* RealmOrganization.swift in Sources */ = {isa = PBXBuildFile; fileRef = 7CCFEAD8226B242E004F4838 /* RealmOrganization.swift */; };
		7CCFEAEC226B242F004F4838 /* RealmJson.swift in Sources */ = {isa = PBXBuildFile; fileRef = 7CCFEAD9226B242E004F4838 /* RealmJson.swift */; };
		7CCFEAED226B242F004F4838 /* RealmCode.swift in Sources */ = {isa = PBXBuildFile; fileRef = 7CCFEADA226B242E004F4838 /* RealmCode.swift */; };
		7CCFEAEE226B242F004F4838 /* Organization.swift in Sources */ = {isa = PBXBuildFile; fileRef = 7CCFEADC226B242F004F4838 /* Organization.swift */; };
		7CCFEAEF226B242F004F4838 /* Campaign.swift in Sources */ = {isa = PBXBuildFile; fileRef = 7CCFEADD226B242F004F4838 /* Campaign.swift */; };
		7CCFEAF0226B242F004F4838 /* Secret.swift in Sources */ = {isa = PBXBuildFile; fileRef = 7CCFEADE226B242F004F4838 /* Secret.swift */; };
		7CCFEAF1226B242F004F4838 /* Question.swift in Sources */ = {isa = PBXBuildFile; fileRef = 7CCFEADF226B242F004F4838 /* Question.swift */; };
		7CCFEAF2226B242F004F4838 /* Code.swift in Sources */ = {isa = PBXBuildFile; fileRef = 7CCFEAE0226B242F004F4838 /* Code.swift */; };
		7CCFEAF3226B242F004F4838 /* Answer.swift in Sources */ = {isa = PBXBuildFile; fileRef = 7CCFEAE1226B242F004F4838 /* Answer.swift */; };
		7CCFEAF4226B242F004F4838 /* LogoInfo.swift in Sources */ = {isa = PBXBuildFile; fileRef = 7CCFEAE2226B242F004F4838 /* LogoInfo.swift */; };
		7CCFEAF6226B3A73004F4838 /* URL+Extensions.swift in Sources */ = {isa = PBXBuildFile; fileRef = 7CCFEAF5226B3A73004F4838 /* URL+Extensions.swift */; };
		7CCFEAF8226B3D1D004F4838 /* Model+Extensions.swift in Sources */ = {isa = PBXBuildFile; fileRef = 7CCFEAF7226B3D1D004F4838 /* Model+Extensions.swift */; };
		7CCFEAFA226B41AA004F4838 /* CodesVC.swift in Sources */ = {isa = PBXBuildFile; fileRef = 7CCFEAF9226B41AA004F4838 /* CodesVC.swift */; };
		7CCFEAFD226B5938004F4838 /* RealmDataPersister.swift in Sources */ = {isa = PBXBuildFile; fileRef = 7CCFEAFC226B5938004F4838 /* RealmDataPersister.swift */; };
		AD0F15C82258E7EB00C06555 /* LabelAndTextView.swift in Sources */ = {isa = PBXBuildFile; fileRef = AD0F15C72258E7EB00C06555 /* LabelAndTextView.swift */; };
		AD0F15CA2258E81100C06555 /* LabelAndTextView.xib in Resources */ = {isa = PBXBuildFile; fileRef = AD0F15C92258E81100C06555 /* LabelAndTextView.xib */; };
		AD0F15D0225917BD00C06555 /* Utilities.swift in Sources */ = {isa = PBXBuildFile; fileRef = AD0F15CF225917BD00C06555 /* Utilities.swift */; };
		AD194030224BBB90002A3AE2 /* ViewmodelFactory.swift in Sources */ = {isa = PBXBuildFile; fileRef = AD19402F224BBB90002A3AE2 /* ViewmodelFactory.swift */; };
		AD50390B21CFA7970009EB0C /* RadioBtnView.xib in Resources */ = {isa = PBXBuildFile; fileRef = AD50390921CFA7960009EB0C /* RadioBtnView.xib */; };
		AD50390C21CFA7970009EB0C /* RadioBtnView.swift in Sources */ = {isa = PBXBuildFile; fileRef = AD50390A21CFA7970009EB0C /* RadioBtnView.swift */; };
		AD837AA521C7B4E700555917 /* AppDelegate.swift in Sources */ = {isa = PBXBuildFile; fileRef = AD837AA421C7B4E700555917 /* AppDelegate.swift */; };
		AD837AAA21C7B4E700555917 /* Main.storyboard in Resources */ = {isa = PBXBuildFile; fileRef = AD837AA821C7B4E700555917 /* Main.storyboard */; };
		AD837AAC21C7B4E900555917 /* Assets.xcassets in Resources */ = {isa = PBXBuildFile; fileRef = AD837AAB21C7B4E900555917 /* Assets.xcassets */; };
		AD837AAF21C7B4E900555917 /* LaunchScreen.storyboard in Resources */ = {isa = PBXBuildFile; fileRef = AD837AAD21C7B4E900555917 /* LaunchScreen.storyboard */; };
		AD837AB721C7B50C00555917 /* ViewStacker.xib in Resources */ = {isa = PBXBuildFile; fileRef = AD837AB621C7B50C00555917 /* ViewStacker.xib */; };
		AD837AB921C7BA6800555917 /* ViewStacker.swift in Sources */ = {isa = PBXBuildFile; fileRef = AD837AB821C7BA6800555917 /* ViewStacker.swift */; };
		AD837ABC21C7C0F600555917 /* OneRowStacker.swift in Sources */ = {isa = PBXBuildFile; fileRef = AD837ABB21C7C0F600555917 /* OneRowStacker.swift */; };
		AD837ABE21C7C0FE00555917 /* OneRowStacker.xib in Resources */ = {isa = PBXBuildFile; fileRef = AD837ABD21C7C0FE00555917 /* OneRowStacker.xib */; };
		AD837AC521C7C68000555917 /* LabelAndTextField.swift in Sources */ = {isa = PBXBuildFile; fileRef = AD837AC321C7C67F00555917 /* LabelAndTextField.swift */; };
		AD837AC621C7C68000555917 /* LabelAndTextField.xib in Resources */ = {isa = PBXBuildFile; fileRef = AD837AC421C7C67F00555917 /* LabelAndTextField.xib */; };
		AD9EDEBF21D1837F0058814C /* ViewFactory.swift in Sources */ = {isa = PBXBuildFile; fileRef = AD9EDEBE21D1837F0058814C /* ViewFactory.swift */; };
		AD9F0E7521D3D9BB005BD0A7 /* MyRxExtensions.swift in Sources */ = {isa = PBXBuildFile; fileRef = AD9F0E7421D3D9BB005BD0A7 /* MyRxExtensions.swift */; };
		ADAAD6EA21D0ECB600B9D59E /* CheckboxView.xib in Resources */ = {isa = PBXBuildFile; fileRef = ADAAD6E921D0ECB600B9D59E /* CheckboxView.xib */; };
		ADAAD6EC21D0ECC500B9D59E /* CheckboxView.swift in Sources */ = {isa = PBXBuildFile; fileRef = ADAAD6EB21D0ECC500B9D59E /* CheckboxView.swift */; };
		ADAAD6F321D0F4CB00B9D59E /* Protocols.swift in Sources */ = {isa = PBXBuildFile; fileRef = ADAAD6F221D0F4CB00B9D59E /* Protocols.swift */; };
		ADAAD6F521D0F7B700B9D59E /* LabelBtnSwitchView.xib in Resources */ = {isa = PBXBuildFile; fileRef = ADAAD6F421D0F7B700B9D59E /* LabelBtnSwitchView.xib */; };
		ADAAD6F721D0FBAC00B9D59E /* LabelBtnSwitchView.swift in Sources */ = {isa = PBXBuildFile; fileRef = ADAAD6F621D0FBAC00B9D59E /* LabelBtnSwitchView.swift */; };
		ADAD117C224AC1F000A87D8D /* StackViewToVMBinders.swift in Sources */ = {isa = PBXBuildFile; fileRef = ADAD117B224AC1F000A87D8D /* StackViewToVMBinders.swift */; };
		ADAD117E224AC3DE00A87D8D /* RxViewModel.swift in Sources */ = {isa = PBXBuildFile; fileRef = ADAD117D224AC3DE00A87D8D /* RxViewModel.swift */; };
		ADB3EA5022493A1F00E2C289 /* ViewModels.swift in Sources */ = {isa = PBXBuildFile; fileRef = ADB3EA4F22493A1F00E2C289 /* ViewModels.swift */; };
		ADB3EA5222493A5D00E2C289 /* ParentViewModel.swift in Sources */ = {isa = PBXBuildFile; fileRef = ADB3EA5122493A5D00E2C289 /* ParentViewModel.swift */; };
		ADB78CAD224CC51A00D29FA6 /* RawModelTypes.swift in Sources */ = {isa = PBXBuildFile; fileRef = ADB78CAC224CC51A00D29FA6 /* RawModelTypes.swift */; };
		ADBF584D22469ED800BDD008 /* InputCreators.swift in Sources */ = {isa = PBXBuildFile; fileRef = ADBF584C22469ED800BDD008 /* InputCreators.swift */; };
		ADBF585322479D4700BDD008 /* QuestionsScrollView.swift in Sources */ = {isa = PBXBuildFile; fileRef = ADBF585222479D4700BDD008 /* QuestionsScrollView.swift */; };
		ADBF58552247A45200BDD008 /* SaveButton.swift in Sources */ = {isa = PBXBuildFile; fileRef = ADBF58542247A45200BDD008 /* SaveButton.swift */; };
		ADFCDBCB225CB5B700A44B02 /* ChooseOptionsVC.swift in Sources */ = {isa = PBXBuildFile; fileRef = ADFCDBC9225CB5B600A44B02 /* ChooseOptionsVC.swift */; };
		ADFCDBCC225CB5B700A44B02 /* ViewController.swift in Sources */ = {isa = PBXBuildFile; fileRef = ADFCDBCA225CB5B700A44B02 /* ViewController.swift */; };
		ADFCDBCE225CB5C400A44B02 /* DataProvider.swift in Sources */ = {isa = PBXBuildFile; fileRef = ADFCDBCD225CB5C400A44B02 /* DataProvider.swift */; };
		ADFCDBD4225D3B4F00A44B02 /* QuestionOptionsDataSource.swift in Sources */ = {isa = PBXBuildFile; fileRef = ADFCDBD3225D3B4F00A44B02 /* QuestionOptionsDataSource.swift */; };
/* End PBXBuildFile section */

/* Begin PBXFileReference section */
		41D79BCD0AC25180BDDC736E /* Pods-tryLeadLinkModularComponent.debug.xcconfig */ = {isa = PBXFileReference; includeInIndex = 1; lastKnownFileType = text.xcconfig; name = "Pods-tryLeadLinkModularComponent.debug.xcconfig"; path = "Pods/Target Support Files/Pods-tryLeadLinkModularComponent/Pods-tryLeadLinkModularComponent.debug.xcconfig"; sourceTree = "<group>"; };
		7CC14A19225E44E400FEECC5 /* Extensions.swift */ = {isa = PBXFileReference; lastKnownFileType = sourcecode.swift; path = Extensions.swift; sourceTree = "<group>"; };
		7CC14A1F225F7D2A00FEECC5 /* GlobalFuncs.swift */ = {isa = PBXFileReference; lastKnownFileType = sourcecode.swift; path = GlobalFuncs.swift; sourceTree = "<group>"; };
		7CC14A22225F7DBB00FEECC5 /* Models.swift */ = {isa = PBXFileReference; lastKnownFileType = sourcecode.swift; path = Models.swift; sourceTree = "<group>"; };
		7CC14A24225F7E1100FEECC5 /* AnswerModel.swift */ = {isa = PBXFileReference; lastKnownFileType = sourcecode.swift; path = AnswerModel.swift; sourceTree = "<group>"; };
		7CC14A26225F831F00FEECC5 /* ViewStackerFactory.swift */ = {isa = PBXFileReference; lastKnownFileType = sourcecode.swift; path = ViewStackerFactory.swift; sourceTree = "<group>"; };
		7CCFEACF226B242E004F4838 /* LeadLinkKitError.swift */ = {isa = PBXFileReference; fileEncoding = 4; lastKnownFileType = sourcecode.swift; path = LeadLinkKitError.swift; sourceTree = "<group>"; };
		7CCFEAD0226B242E004F4838 /* TokenAndCredentials.swift */ = {isa = PBXFileReference; fileEncoding = 4; lastKnownFileType = sourcecode.swift; path = TokenAndCredentials.swift; sourceTree = "<group>"; };
		7CCFEAD1226B242E004F4838 /* ErrorMessage.swift */ = {isa = PBXFileReference; fileEncoding = 4; lastKnownFileType = sourcecode.swift; path = ErrorMessage.swift; sourceTree = "<group>"; };
		7CCFEAD2226B242E004F4838 /* SignInResponsePayload.swift */ = {isa = PBXFileReference; fileEncoding = 4; lastKnownFileType = sourcecode.swift; path = SignInResponsePayload.swift; sourceTree = "<group>"; };
		7CCFEAD3226B242E004F4838 /* SignInErrorPayload.swift */ = {isa = PBXFileReference; fileEncoding = 4; lastKnownFileType = sourcecode.swift; path = SignInErrorPayload.swift; sourceTree = "<group>"; };
		7CCFEAD5226B242E004F4838 /* RealmQuestion.swift */ = {isa = PBXFileReference; fileEncoding = 4; lastKnownFileType = sourcecode.swift; path = RealmQuestion.swift; sourceTree = "<group>"; };
		7CCFEAD6226B242E004F4838 /* RealmCampaign.swift */ = {isa = PBXFileReference; fileEncoding = 4; lastKnownFileType = sourcecode.swift; path = RealmCampaign.swift; sourceTree = "<group>"; };
		7CCFEAD7226B242E004F4838 /* RealmAnswer.swift */ = {isa = PBXFileReference; fileEncoding = 4; lastKnownFileType = sourcecode.swift; path = RealmAnswer.swift; sourceTree = "<group>"; };
		7CCFEAD8226B242E004F4838 /* RealmOrganization.swift */ = {isa = PBXFileReference; fileEncoding = 4; lastKnownFileType = sourcecode.swift; path = RealmOrganization.swift; sourceTree = "<group>"; };
		7CCFEAD9226B242E004F4838 /* RealmJson.swift */ = {isa = PBXFileReference; fileEncoding = 4; lastKnownFileType = sourcecode.swift; path = RealmJson.swift; sourceTree = "<group>"; };
		7CCFEADA226B242E004F4838 /* RealmCode.swift */ = {isa = PBXFileReference; fileEncoding = 4; lastKnownFileType = sourcecode.swift; path = RealmCode.swift; sourceTree = "<group>"; };
		7CCFEADC226B242F004F4838 /* Organization.swift */ = {isa = PBXFileReference; fileEncoding = 4; lastKnownFileType = sourcecode.swift; path = Organization.swift; sourceTree = "<group>"; };
		7CCFEADD226B242F004F4838 /* Campaign.swift */ = {isa = PBXFileReference; fileEncoding = 4; lastKnownFileType = sourcecode.swift; path = Campaign.swift; sourceTree = "<group>"; };
		7CCFEADE226B242F004F4838 /* Secret.swift */ = {isa = PBXFileReference; fileEncoding = 4; lastKnownFileType = sourcecode.swift; path = Secret.swift; sourceTree = "<group>"; };
		7CCFEADF226B242F004F4838 /* Question.swift */ = {isa = PBXFileReference; fileEncoding = 4; lastKnownFileType = sourcecode.swift; path = Question.swift; sourceTree = "<group>"; };
		7CCFEAE0226B242F004F4838 /* Code.swift */ = {isa = PBXFileReference; fileEncoding = 4; lastKnownFileType = sourcecode.swift; path = Code.swift; sourceTree = "<group>"; };
		7CCFEAE1226B242F004F4838 /* Answer.swift */ = {isa = PBXFileReference; fileEncoding = 4; lastKnownFileType = sourcecode.swift; path = Answer.swift; sourceTree = "<group>"; };
		7CCFEAE2226B242F004F4838 /* LogoInfo.swift */ = {isa = PBXFileReference; fileEncoding = 4; lastKnownFileType = sourcecode.swift; path = LogoInfo.swift; sourceTree = "<group>"; };
		7CCFEAF5226B3A73004F4838 /* URL+Extensions.swift */ = {isa = PBXFileReference; lastKnownFileType = sourcecode.swift; path = "URL+Extensions.swift"; sourceTree = "<group>"; };
		7CCFEAF7226B3D1D004F4838 /* Model+Extensions.swift */ = {isa = PBXFileReference; lastKnownFileType = sourcecode.swift; path = "Model+Extensions.swift"; sourceTree = "<group>"; };
		7CCFEAF9226B41AA004F4838 /* CodesVC.swift */ = {isa = PBXFileReference; lastKnownFileType = sourcecode.swift; path = CodesVC.swift; sourceTree = "<group>"; };
		7CCFEAFC226B5938004F4838 /* RealmDataPersister.swift */ = {isa = PBXFileReference; fileEncoding = 4; lastKnownFileType = sourcecode.swift; path = RealmDataPersister.swift; sourceTree = "<group>"; };
		AD0F15C72258E7EB00C06555 /* LabelAndTextView.swift */ = {isa = PBXFileReference; lastKnownFileType = sourcecode.swift; path = LabelAndTextView.swift; sourceTree = "<group>"; };
		AD0F15C92258E81100C06555 /* LabelAndTextView.xib */ = {isa = PBXFileReference; lastKnownFileType = file.xib; path = LabelAndTextView.xib; sourceTree = "<group>"; };
		AD0F15CF225917BD00C06555 /* Utilities.swift */ = {isa = PBXFileReference; lastKnownFileType = sourcecode.swift; path = Utilities.swift; sourceTree = "<group>"; };
		AD19402F224BBB90002A3AE2 /* ViewmodelFactory.swift */ = {isa = PBXFileReference; lastKnownFileType = sourcecode.swift; path = ViewmodelFactory.swift; sourceTree = "<group>"; };
		AD50390921CFA7960009EB0C /* RadioBtnView.xib */ = {isa = PBXFileReference; fileEncoding = 4; lastKnownFileType = file.xib; path = RadioBtnView.xib; sourceTree = "<group>"; };
		AD50390A21CFA7970009EB0C /* RadioBtnView.swift */ = {isa = PBXFileReference; fileEncoding = 4; lastKnownFileType = sourcecode.swift; path = RadioBtnView.swift; sourceTree = "<group>"; };
		AD837AA121C7B4E700555917 /* tryLeadLinkModularComponent.app */ = {isa = PBXFileReference; explicitFileType = wrapper.application; includeInIndex = 0; path = tryLeadLinkModularComponent.app; sourceTree = BUILT_PRODUCTS_DIR; };
		AD837AA421C7B4E700555917 /* AppDelegate.swift */ = {isa = PBXFileReference; lastKnownFileType = sourcecode.swift; path = AppDelegate.swift; sourceTree = "<group>"; };
		AD837AA921C7B4E700555917 /* Base */ = {isa = PBXFileReference; lastKnownFileType = file.storyboard; name = Base; path = Base.lproj/Main.storyboard; sourceTree = "<group>"; };
		AD837AAB21C7B4E900555917 /* Assets.xcassets */ = {isa = PBXFileReference; lastKnownFileType = folder.assetcatalog; path = Assets.xcassets; sourceTree = "<group>"; };
		AD837AAE21C7B4E900555917 /* Base */ = {isa = PBXFileReference; lastKnownFileType = file.storyboard; name = Base; path = Base.lproj/LaunchScreen.storyboard; sourceTree = "<group>"; };
		AD837AB021C7B4E900555917 /* Info.plist */ = {isa = PBXFileReference; lastKnownFileType = text.plist.xml; path = Info.plist; sourceTree = "<group>"; };
		AD837AB621C7B50C00555917 /* ViewStacker.xib */ = {isa = PBXFileReference; lastKnownFileType = file.xib; path = ViewStacker.xib; sourceTree = "<group>"; };
		AD837AB821C7BA6800555917 /* ViewStacker.swift */ = {isa = PBXFileReference; lastKnownFileType = sourcecode.swift; path = ViewStacker.swift; sourceTree = "<group>"; };
		AD837ABB21C7C0F600555917 /* OneRowStacker.swift */ = {isa = PBXFileReference; lastKnownFileType = sourcecode.swift; path = OneRowStacker.swift; sourceTree = "<group>"; };
		AD837ABD21C7C0FE00555917 /* OneRowStacker.xib */ = {isa = PBXFileReference; lastKnownFileType = file.xib; path = OneRowStacker.xib; sourceTree = "<group>"; };
		AD837AC321C7C67F00555917 /* LabelAndTextField.swift */ = {isa = PBXFileReference; fileEncoding = 4; lastKnownFileType = sourcecode.swift; path = LabelAndTextField.swift; sourceTree = "<group>"; };
		AD837AC421C7C67F00555917 /* LabelAndTextField.xib */ = {isa = PBXFileReference; fileEncoding = 4; lastKnownFileType = file.xib; path = LabelAndTextField.xib; sourceTree = "<group>"; };
		AD9EDEBE21D1837F0058814C /* ViewFactory.swift */ = {isa = PBXFileReference; lastKnownFileType = sourcecode.swift; path = ViewFactory.swift; sourceTree = "<group>"; };
		AD9F0E7421D3D9BB005BD0A7 /* MyRxExtensions.swift */ = {isa = PBXFileReference; lastKnownFileType = sourcecode.swift; path = MyRxExtensions.swift; sourceTree = "<group>"; };
		ADAAD6E921D0ECB600B9D59E /* CheckboxView.xib */ = {isa = PBXFileReference; lastKnownFileType = file.xib; path = CheckboxView.xib; sourceTree = "<group>"; };
		ADAAD6EB21D0ECC500B9D59E /* CheckboxView.swift */ = {isa = PBXFileReference; lastKnownFileType = sourcecode.swift; path = CheckboxView.swift; sourceTree = "<group>"; };
		ADAAD6F221D0F4CB00B9D59E /* Protocols.swift */ = {isa = PBXFileReference; lastKnownFileType = sourcecode.swift; path = Protocols.swift; sourceTree = "<group>"; };
		ADAAD6F421D0F7B700B9D59E /* LabelBtnSwitchView.xib */ = {isa = PBXFileReference; lastKnownFileType = file.xib; path = LabelBtnSwitchView.xib; sourceTree = "<group>"; };
		ADAAD6F621D0FBAC00B9D59E /* LabelBtnSwitchView.swift */ = {isa = PBXFileReference; lastKnownFileType = sourcecode.swift; path = LabelBtnSwitchView.swift; sourceTree = "<group>"; };
		ADAD117B224AC1F000A87D8D /* StackViewToVMBinders.swift */ = {isa = PBXFileReference; lastKnownFileType = sourcecode.swift; path = StackViewToVMBinders.swift; sourceTree = "<group>"; };
		ADAD117D224AC3DE00A87D8D /* RxViewModel.swift */ = {isa = PBXFileReference; lastKnownFileType = sourcecode.swift; path = RxViewModel.swift; sourceTree = "<group>"; };
		ADB3EA4F22493A1F00E2C289 /* ViewModels.swift */ = {isa = PBXFileReference; lastKnownFileType = sourcecode.swift; path = ViewModels.swift; sourceTree = "<group>"; };
		ADB3EA5122493A5D00E2C289 /* ParentViewModel.swift */ = {isa = PBXFileReference; lastKnownFileType = sourcecode.swift; path = ParentViewModel.swift; sourceTree = "<group>"; };
		ADB78CAC224CC51A00D29FA6 /* RawModelTypes.swift */ = {isa = PBXFileReference; lastKnownFileType = sourcecode.swift; path = RawModelTypes.swift; sourceTree = "<group>"; };
		ADBF584C22469ED800BDD008 /* InputCreators.swift */ = {isa = PBXFileReference; lastKnownFileType = sourcecode.swift; path = InputCreators.swift; sourceTree = "<group>"; };
		ADBF585222479D4700BDD008 /* QuestionsScrollView.swift */ = {isa = PBXFileReference; lastKnownFileType = sourcecode.swift; path = QuestionsScrollView.swift; sourceTree = "<group>"; };
		ADBF58542247A45200BDD008 /* SaveButton.swift */ = {isa = PBXFileReference; lastKnownFileType = sourcecode.swift; path = SaveButton.swift; sourceTree = "<group>"; };
		ADFCDBC9225CB5B600A44B02 /* ChooseOptionsVC.swift */ = {isa = PBXFileReference; fileEncoding = 4; lastKnownFileType = sourcecode.swift; path = ChooseOptionsVC.swift; sourceTree = "<group>"; };
		ADFCDBCA225CB5B700A44B02 /* ViewController.swift */ = {isa = PBXFileReference; fileEncoding = 4; lastKnownFileType = sourcecode.swift; path = ViewController.swift; sourceTree = "<group>"; };
		ADFCDBCD225CB5C400A44B02 /* DataProvider.swift */ = {isa = PBXFileReference; fileEncoding = 4; lastKnownFileType = sourcecode.swift; path = DataProvider.swift; sourceTree = "<group>"; };
		ADFCDBD3225D3B4F00A44B02 /* QuestionOptionsDataSource.swift */ = {isa = PBXFileReference; lastKnownFileType = sourcecode.swift; path = QuestionOptionsDataSource.swift; sourceTree = "<group>"; };
		B2102075DD73E10FE0BE3C87 /* Pods_tryLeadLinkModularComponent.framework */ = {isa = PBXFileReference; explicitFileType = wrapper.framework; includeInIndex = 0; path = Pods_tryLeadLinkModularComponent.framework; sourceTree = BUILT_PRODUCTS_DIR; };
		B753BBDE7A61F3AD69DAA1E7 /* Pods-tryLeadLinkModularComponent.release.xcconfig */ = {isa = PBXFileReference; includeInIndex = 1; lastKnownFileType = text.xcconfig; name = "Pods-tryLeadLinkModularComponent.release.xcconfig"; path = "Pods/Target Support Files/Pods-tryLeadLinkModularComponent/Pods-tryLeadLinkModularComponent.release.xcconfig"; sourceTree = "<group>"; };
/* End PBXFileReference section */

/* Begin PBXFrameworksBuildPhase section */
		AD837A9E21C7B4E700555917 /* Frameworks */ = {
			isa = PBXFrameworksBuildPhase;
			buildActionMask = 2147483647;
			files = (
				2DC791D9DDBE9D1CC9D96EEF /* Pods_tryLeadLinkModularComponent.framework in Frameworks */,
			);
			runOnlyForDeploymentPostprocessing = 0;
		};
/* End PBXFrameworksBuildPhase section */

/* Begin PBXGroup section */
		7CC14A18225E44D200FEECC5 /* Extensions */ = {
			isa = PBXGroup;
			children = (
				7CC14A19225E44E400FEECC5 /* Extensions.swift */,
				7CCFEAF5226B3A73004F4838 /* URL+Extensions.swift */,
				7CCFEAF7226B3D1D004F4838 /* Model+Extensions.swift */,
			);
			path = Extensions;
			sourceTree = "<group>";
		};
		7CC14A1E225F7D1800FEECC5 /* Globals */ = {
			isa = PBXGroup;
			children = (
				7CC14A1F225F7D2A00FEECC5 /* GlobalFuncs.swift */,
			);
			path = Globals;
			sourceTree = "<group>";
		};
		7CC14A21225F7DA800FEECC5 /* Models */ = {
			isa = PBXGroup;
			children = (
				7CCFEAFB226B591B004F4838 /* Persistance */,
				7CCFEADB226B242F004F4838 /* Domain */,
				7CCFEACE226B242E004F4838 /* Error and Payload */,
				7CCFEAD4226B242E004F4838 /* Realm */,
				7CC14A22225F7DBB00FEECC5 /* Models.swift */,
			);
			path = Models;
			sourceTree = "<group>";
		};
		7CCFEACE226B242E004F4838 /* Error and Payload */ = {
			isa = PBXGroup;
			children = (
				7CCFEACF226B242E004F4838 /* LeadLinkKitError.swift */,
				7CCFEAD0226B242E004F4838 /* TokenAndCredentials.swift */,
				7CCFEAD1226B242E004F4838 /* ErrorMessage.swift */,
				7CCFEAD2226B242E004F4838 /* SignInResponsePayload.swift */,
				7CCFEAD3226B242E004F4838 /* SignInErrorPayload.swift */,
			);
			path = "Error and Payload";
			sourceTree = "<group>";
		};
		7CCFEAD4226B242E004F4838 /* Realm */ = {
			isa = PBXGroup;
			children = (
				7CCFEAD5226B242E004F4838 /* RealmQuestion.swift */,
				7CCFEAD6226B242E004F4838 /* RealmCampaign.swift */,
				7CCFEAD7226B242E004F4838 /* RealmAnswer.swift */,
				7CCFEAD8226B242E004F4838 /* RealmOrganization.swift */,
				7CCFEAD9226B242E004F4838 /* RealmJson.swift */,
				7CCFEADA226B242E004F4838 /* RealmCode.swift */,
			);
			path = Realm;
			sourceTree = "<group>";
		};
		7CCFEADB226B242F004F4838 /* Domain */ = {
			isa = PBXGroup;
			children = (
				7CCFEADC226B242F004F4838 /* Organization.swift */,
				7CCFEADD226B242F004F4838 /* Campaign.swift */,
				7CCFEADE226B242F004F4838 /* Secret.swift */,
				7CCFEADF226B242F004F4838 /* Question.swift */,
				7CCFEAE0226B242F004F4838 /* Code.swift */,
				7CCFEAE1226B242F004F4838 /* Answer.swift */,
				7CCFEAE2226B242F004F4838 /* LogoInfo.swift */,
			);
			path = Domain;
			sourceTree = "<group>";
		};
		7CCFEAFB226B591B004F4838 /* Persistance */ = {
			isa = PBXGroup;
			children = (
				7CCFEAFC226B5938004F4838 /* RealmDataPersister.swift */,
			);
			path = Persistance;
			sourceTree = "<group>";
		};
		A7468B1BE798BA5FCF84DB18 /* Pods */ = {
			isa = PBXGroup;
			children = (
				41D79BCD0AC25180BDDC736E /* Pods-tryLeadLinkModularComponent.debug.xcconfig */,
				B753BBDE7A61F3AD69DAA1E7 /* Pods-tryLeadLinkModularComponent.release.xcconfig */,
			);
			name = Pods;
			sourceTree = "<group>";
		};
		AD0F15CD22590C4200C06555 /* VCs */ = {
			isa = PBXGroup;
			children = (
				ADFCDBC9225CB5B600A44B02 /* ChooseOptionsVC.swift */,
				ADFCDBCA225CB5B700A44B02 /* ViewController.swift */,
				7CCFEAF9226B41AA004F4838 /* CodesVC.swift */,
			);
			path = VCs;
			sourceTree = "<group>";
		};
		AD0F15CE225917AC00C06555 /* Utilities */ = {
			isa = PBXGroup;
			children = (
				AD0F15CF225917BD00C06555 /* Utilities.swift */,
			);
			path = Utilities;
			sourceTree = "<group>";
		};
		AD19402E224BBB70002A3AE2 /* Factory */ = {
			isa = PBXGroup;
			children = (
				AD9EDEBE21D1837F0058814C /* ViewFactory.swift */,
				7CC14A26225F831F00FEECC5 /* ViewStackerFactory.swift */,
				AD19402F224BBB90002A3AE2 /* ViewmodelFactory.swift */,
			);
			path = Factory;
			sourceTree = "<group>";
		};
		AD837A9821C7B4E700555917 = {
			isa = PBXGroup;
			children = (
				7CC14A24225F7E1100FEECC5 /* AnswerModel.swift */,
				AD837AA321C7B4E700555917 /* tryLeadLinkModularComponent */,
				AD837AA221C7B4E700555917 /* Products */,
				A7468B1BE798BA5FCF84DB18 /* Pods */,
				D5F79EF7EB63CF43FC122B81 /* Frameworks */,
			);
			sourceTree = "<group>";
		};
		AD837AA221C7B4E700555917 /* Products */ = {
			isa = PBXGroup;
			children = (
				AD837AA121C7B4E700555917 /* tryLeadLinkModularComponent.app */,
			);
			name = Products;
			sourceTree = "<group>";
		};
		AD837AA321C7B4E700555917 /* tryLeadLinkModularComponent */ = {
			isa = PBXGroup;
			children = (
				7CC14A1E225F7D1800FEECC5 /* Globals */,
				7CC14A18225E44D200FEECC5 /* Extensions */,
				ADFCDBD2225D3B3400A44B02 /* DataSource */,
				AD0F15CE225917AC00C06555 /* Utilities */,
				ADB78CAB224CC50900D29FA6 /* RawModelTypes */,
				AD19402E224BBB70002A3AE2 /* Factory */,
				ADAD117A224AC1DC00A87D8D /* StackViewToVMBinders */,
				ADB3EA4E22493A0F00E2C289 /* ViewModels */,
				ADBF584E2246C2A300BDD008 /* DataProvider */,
				ADBF584B22469EAE00BDD008 /* InputCreators */,
				AD9F0E7321D3D9A5005BD0A7 /* MyRxExtensions */,
				ADAAD6F121D0F4BE00B9D59E /* Protocols */,
				AD837AA421C7B4E700555917 /* AppDelegate.swift */,
				7CC14A21225F7DA800FEECC5 /* Models */,
				AD837ABA21C7BA7100555917 /* Views */,
				AD0F15CD22590C4200C06555 /* VCs */,
				AD837AA821C7B4E700555917 /* Main.storyboard */,
				AD837AAB21C7B4E900555917 /* Assets.xcassets */,
				AD837AAD21C7B4E900555917 /* LaunchScreen.storyboard */,
				AD837AB021C7B4E900555917 /* Info.plist */,
			);
			path = tryLeadLinkModularComponent;
			sourceTree = "<group>";
		};
		AD837ABA21C7BA7100555917 /* Views */ = {
			isa = PBXGroup;
			children = (
				ADBF585122479D2900BDD008 /* Components */,
				ADBF585222479D4700BDD008 /* QuestionsScrollView.swift */,
				ADBF58542247A45200BDD008 /* SaveButton.swift */,
			);
			path = Views;
			sourceTree = "<group>";
		};
		AD9F0E7321D3D9A5005BD0A7 /* MyRxExtensions */ = {
			isa = PBXGroup;
			children = (
				AD9F0E7421D3D9BB005BD0A7 /* MyRxExtensions.swift */,
				ADAD117D224AC3DE00A87D8D /* RxViewModel.swift */,
			);
			path = MyRxExtensions;
			sourceTree = "<group>";
		};
		ADAAD6F121D0F4BE00B9D59E /* Protocols */ = {
			isa = PBXGroup;
			children = (
			);
			path = Protocols;
			sourceTree = "<group>";
		};
		ADAD117A224AC1DC00A87D8D /* StackViewToVMBinders */ = {
			isa = PBXGroup;
			children = (
				ADAD117B224AC1F000A87D8D /* StackViewToVMBinders.swift */,
			);
			path = StackViewToVMBinders;
			sourceTree = "<group>";
		};
		ADB3EA4E22493A0F00E2C289 /* ViewModels */ = {
			isa = PBXGroup;
			children = (
				ADAAD6F221D0F4CB00B9D59E /* Protocols.swift */,
				ADB3EA4F22493A1F00E2C289 /* ViewModels.swift */,
				ADB3EA5122493A5D00E2C289 /* ParentViewModel.swift */,
			);
			path = ViewModels;
			sourceTree = "<group>";
		};
		ADB78CAB224CC50900D29FA6 /* RawModelTypes */ = {
			isa = PBXGroup;
			children = (
				ADB78CAC224CC51A00D29FA6 /* RawModelTypes.swift */,
			);
			path = RawModelTypes;
			sourceTree = "<group>";
		};
		ADBF584B22469EAE00BDD008 /* InputCreators */ = {
			isa = PBXGroup;
			children = (
				ADBF584C22469ED800BDD008 /* InputCreators.swift */,
			);
			path = InputCreators;
			sourceTree = "<group>";
		};
		ADBF584E2246C2A300BDD008 /* DataProvider */ = {
			isa = PBXGroup;
			children = (
				ADFCDBCD225CB5C400A44B02 /* DataProvider.swift */,
			);
			path = DataProvider;
			sourceTree = "<group>";
		};
		ADBF585122479D2900BDD008 /* Components */ = {
			isa = PBXGroup;
			children = (
				AD50390921CFA7960009EB0C /* RadioBtnView.xib */,
				AD50390A21CFA7970009EB0C /* RadioBtnView.swift */,
				ADAAD6E921D0ECB600B9D59E /* CheckboxView.xib */,
				ADAAD6EB21D0ECC500B9D59E /* CheckboxView.swift */,
				AD837AB621C7B50C00555917 /* ViewStacker.xib */,
				AD837AB821C7BA6800555917 /* ViewStacker.swift */,
				AD837ABD21C7C0FE00555917 /* OneRowStacker.xib */,
				AD837ABB21C7C0F600555917 /* OneRowStacker.swift */,
				AD837AC421C7C67F00555917 /* LabelAndTextField.xib */,
				AD837AC321C7C67F00555917 /* LabelAndTextField.swift */,
				AD0F15C92258E81100C06555 /* LabelAndTextView.xib */,
				AD0F15C72258E7EB00C06555 /* LabelAndTextView.swift */,
				ADAAD6F421D0F7B700B9D59E /* LabelBtnSwitchView.xib */,
				ADAAD6F621D0FBAC00B9D59E /* LabelBtnSwitchView.swift */,
			);
			path = Components;
			sourceTree = "<group>";
		};
		ADFCDBD2225D3B3400A44B02 /* DataSource */ = {
			isa = PBXGroup;
			children = (
				ADFCDBD3225D3B4F00A44B02 /* QuestionOptionsDataSource.swift */,
			);
			path = DataSource;
			sourceTree = "<group>";
		};
		D5F79EF7EB63CF43FC122B81 /* Frameworks */ = {
			isa = PBXGroup;
			children = (
				B2102075DD73E10FE0BE3C87 /* Pods_tryLeadLinkModularComponent.framework */,
			);
			name = Frameworks;
			sourceTree = "<group>";
		};
/* End PBXGroup section */

/* Begin PBXNativeTarget section */
		AD837AA021C7B4E700555917 /* tryLeadLinkModularComponent */ = {
			isa = PBXNativeTarget;
			buildConfigurationList = AD837AB321C7B4E900555917 /* Build configuration list for PBXNativeTarget "tryLeadLinkModularComponent" */;
			buildPhases = (
				D0433C066D7C1D4C370757BD /* [CP] Check Pods Manifest.lock */,
				AD837A9D21C7B4E700555917 /* Sources */,
				AD837A9E21C7B4E700555917 /* Frameworks */,
				AD837A9F21C7B4E700555917 /* Resources */,
				575FD297C0E9119B5513C443 /* [CP] Embed Pods Frameworks */,
			);
			buildRules = (
			);
			dependencies = (
			);
			name = tryLeadLinkModularComponent;
			productName = tryLeadLinkModularComponent;
			productReference = AD837AA121C7B4E700555917 /* tryLeadLinkModularComponent.app */;
			productType = "com.apple.product-type.application";
		};
/* End PBXNativeTarget section */

/* Begin PBXProject section */
		AD837A9921C7B4E700555917 /* Project object */ = {
			isa = PBXProject;
			attributes = {
				LastSwiftUpdateCheck = 1010;
				LastUpgradeCheck = 1010;
				ORGANIZATIONNAME = "Marko Dimitrijevic";
				TargetAttributes = {
					AD837AA021C7B4E700555917 = {
						CreatedOnToolsVersion = 10.1;
					};
				};
			};
			buildConfigurationList = AD837A9C21C7B4E700555917 /* Build configuration list for PBXProject "tryLeadLinkModularComponent" */;
			compatibilityVersion = "Xcode 9.3";
			developmentRegion = en;
			hasScannedForEncodings = 0;
			knownRegions = (
				en,
				Base,
			);
			mainGroup = AD837A9821C7B4E700555917;
			productRefGroup = AD837AA221C7B4E700555917 /* Products */;
			projectDirPath = "";
			projectRoot = "";
			targets = (
				AD837AA021C7B4E700555917 /* tryLeadLinkModularComponent */,
			);
		};
/* End PBXProject section */

/* Begin PBXResourcesBuildPhase section */
		AD837A9F21C7B4E700555917 /* Resources */ = {
			isa = PBXResourcesBuildPhase;
			buildActionMask = 2147483647;
			files = (
				AD837AAF21C7B4E900555917 /* LaunchScreen.storyboard in Resources */,
				AD837ABE21C7C0FE00555917 /* OneRowStacker.xib in Resources */,
				AD0F15CA2258E81100C06555 /* LabelAndTextView.xib in Resources */,
				ADAAD6EA21D0ECB600B9D59E /* CheckboxView.xib in Resources */,
				AD837AB721C7B50C00555917 /* ViewStacker.xib in Resources */,
				AD837AAC21C7B4E900555917 /* Assets.xcassets in Resources */,
				AD837AC621C7C68000555917 /* LabelAndTextField.xib in Resources */,
				ADAAD6F521D0F7B700B9D59E /* LabelBtnSwitchView.xib in Resources */,
				AD50390B21CFA7970009EB0C /* RadioBtnView.xib in Resources */,
				AD837AAA21C7B4E700555917 /* Main.storyboard in Resources */,
			);
			runOnlyForDeploymentPostprocessing = 0;
		};
/* End PBXResourcesBuildPhase section */

/* Begin PBXShellScriptBuildPhase section */
		575FD297C0E9119B5513C443 /* [CP] Embed Pods Frameworks */ = {
			isa = PBXShellScriptBuildPhase;
			buildActionMask = 2147483647;
			files = (
			);
			inputPaths = (
				"${SRCROOT}/Pods/Target Support Files/Pods-tryLeadLinkModularComponent/Pods-tryLeadLinkModularComponent-frameworks.sh",
				"${BUILT_PRODUCTS_DIR}/Differentiator/Differentiator.framework",
				"${BUILT_PRODUCTS_DIR}/ReachabilitySwift/Reachability.framework",
				"${BUILT_PRODUCTS_DIR}/Realm/Realm.framework",
				"${BUILT_PRODUCTS_DIR}/RealmSwift/RealmSwift.framework",
				"${BUILT_PRODUCTS_DIR}/RxAtomic/RxAtomic.framework",
				"${BUILT_PRODUCTS_DIR}/RxCocoa/RxCocoa.framework",
				"${BUILT_PRODUCTS_DIR}/RxDataSources/RxDataSources.framework",
				"${BUILT_PRODUCTS_DIR}/RxRealm/RxRealm.framework",
				"${BUILT_PRODUCTS_DIR}/RxRealmDataSources/RxRealmDataSources.framework",
				"${BUILT_PRODUCTS_DIR}/RxSwift/RxSwift.framework",
				"${BUILT_PRODUCTS_DIR}/SwiftyJSON/SwiftyJSON.framework",
			);
			name = "[CP] Embed Pods Frameworks";
			outputPaths = (
				"${TARGET_BUILD_DIR}/${FRAMEWORKS_FOLDER_PATH}/Differentiator.framework",
				"${TARGET_BUILD_DIR}/${FRAMEWORKS_FOLDER_PATH}/Reachability.framework",
				"${TARGET_BUILD_DIR}/${FRAMEWORKS_FOLDER_PATH}/Realm.framework",
				"${TARGET_BUILD_DIR}/${FRAMEWORKS_FOLDER_PATH}/RealmSwift.framework",
				"${TARGET_BUILD_DIR}/${FRAMEWORKS_FOLDER_PATH}/RxAtomic.framework",
				"${TARGET_BUILD_DIR}/${FRAMEWORKS_FOLDER_PATH}/RxCocoa.framework",
				"${TARGET_BUILD_DIR}/${FRAMEWORKS_FOLDER_PATH}/RxDataSources.framework",
				"${TARGET_BUILD_DIR}/${FRAMEWORKS_FOLDER_PATH}/RxRealm.framework",
				"${TARGET_BUILD_DIR}/${FRAMEWORKS_FOLDER_PATH}/RxRealmDataSources.framework",
				"${TARGET_BUILD_DIR}/${FRAMEWORKS_FOLDER_PATH}/RxSwift.framework",
				"${TARGET_BUILD_DIR}/${FRAMEWORKS_FOLDER_PATH}/SwiftyJSON.framework",
			);
			runOnlyForDeploymentPostprocessing = 0;
			shellPath = /bin/sh;
			shellScript = "\"${SRCROOT}/Pods/Target Support Files/Pods-tryLeadLinkModularComponent/Pods-tryLeadLinkModularComponent-frameworks.sh\"\n";
			showEnvVarsInLog = 0;
		};
		D0433C066D7C1D4C370757BD /* [CP] Check Pods Manifest.lock */ = {
			isa = PBXShellScriptBuildPhase;
			buildActionMask = 2147483647;
			files = (
			);
			inputPaths = (
				"${PODS_PODFILE_DIR_PATH}/Podfile.lock",
				"${PODS_ROOT}/Manifest.lock",
			);
			name = "[CP] Check Pods Manifest.lock";
			outputPaths = (
				"$(DERIVED_FILE_DIR)/Pods-tryLeadLinkModularComponent-checkManifestLockResult.txt",
			);
			runOnlyForDeploymentPostprocessing = 0;
			shellPath = /bin/sh;
			shellScript = "diff \"${PODS_PODFILE_DIR_PATH}/Podfile.lock\" \"${PODS_ROOT}/Manifest.lock\" > /dev/null\nif [ $? != 0 ] ; then\n    # print error to STDERR\n    echo \"error: The sandbox is not in sync with the Podfile.lock. Run 'pod install' or update your CocoaPods installation.\" >&2\n    exit 1\nfi\n# This output is used by Xcode 'outputs' to avoid re-running this script phase.\necho \"SUCCESS\" > \"${SCRIPT_OUTPUT_FILE_0}\"\n";
			showEnvVarsInLog = 0;
		};
/* End PBXShellScriptBuildPhase section */

/* Begin PBXSourcesBuildPhase section */
		AD837A9D21C7B4E700555917 /* Sources */ = {
			isa = PBXSourcesBuildPhase;
			buildActionMask = 2147483647;
			files = (
				7CC14A25225F7E1100FEECC5 /* AnswerModel.swift in Sources */,
				AD9F0E7521D3D9BB005BD0A7 /* MyRxExtensions.swift in Sources */,
				ADB78CAD224CC51A00D29FA6 /* RawModelTypes.swift in Sources */,
				AD194030224BBB90002A3AE2 /* ViewmodelFactory.swift in Sources */,
				7CCFEAF2226B242F004F4838 /* Code.swift in Sources */,
				7CCFEAEE226B242F004F4838 /* Organization.swift in Sources */,
				AD837AC521C7C68000555917 /* LabelAndTextField.swift in Sources */,
				AD837ABC21C7C0F600555917 /* OneRowStacker.swift in Sources */,
				7CCFEAEF226B242F004F4838 /* Campaign.swift in Sources */,
				ADFCDBD4225D3B4F00A44B02 /* QuestionOptionsDataSource.swift in Sources */,
				AD0F15D0225917BD00C06555 /* Utilities.swift in Sources */,
				ADFCDBCC225CB5B700A44B02 /* ViewController.swift in Sources */,
				7CC14A27225F831F00FEECC5 /* ViewStackerFactory.swift in Sources */,
				7CCFEAF3226B242F004F4838 /* Answer.swift in Sources */,
				7CC14A20225F7D2A00FEECC5 /* GlobalFuncs.swift in Sources */,
				AD0F15C82258E7EB00C06555 /* LabelAndTextView.swift in Sources */,
				AD50390C21CFA7970009EB0C /* RadioBtnView.swift in Sources */,
				7CCFEAE5226B242F004F4838 /* ErrorMessage.swift in Sources */,
				ADAAD6F721D0FBAC00B9D59E /* LabelBtnSwitchView.swift in Sources */,
				7CCFEAFD226B5938004F4838 /* RealmDataPersister.swift in Sources */,
				AD837AB921C7BA6800555917 /* ViewStacker.swift in Sources */,
				AD837AA521C7B4E700555917 /* AppDelegate.swift in Sources */,
				ADBF58552247A45200BDD008 /* SaveButton.swift in Sources */,
				7CCFEAF4226B242F004F4838 /* LogoInfo.swift in Sources */,
				ADAD117E224AC3DE00A87D8D /* RxViewModel.swift in Sources */,
				7CCFEAE8226B242F004F4838 /* RealmQuestion.swift in Sources */,
				ADAD117C224AC1F000A87D8D /* StackViewToVMBinders.swift in Sources */,
				AD9EDEBF21D1837F0058814C /* ViewFactory.swift in Sources */,
				ADB3EA5222493A5D00E2C289 /* ParentViewModel.swift in Sources */,
				ADFCDBCB225CB5B700A44B02 /* ChooseOptionsVC.swift in Sources */,
				7CCFEAED226B242F004F4838 /* RealmCode.swift in Sources */,
				7CCFEAE6226B242F004F4838 /* SignInResponsePayload.swift in Sources */,
				7CCFEAE4226B242F004F4838 /* TokenAndCredentials.swift in Sources */,
				ADFCDBCE225CB5C400A44B02 /* DataProvider.swift in Sources */,
				7CCFEAF1226B242F004F4838 /* Question.swift in Sources */,
				ADB3EA5022493A1F00E2C289 /* ViewModels.swift in Sources */,
				7CCFEAE9226B242F004F4838 /* RealmCampaign.swift in Sources */,
				7CCFEAEC226B242F004F4838 /* RealmJson.swift in Sources */,
				7CC14A1A225E44E400FEECC5 /* Extensions.swift in Sources */,
				ADBF584D22469ED800BDD008 /* InputCreators.swift in Sources */,
				ADAAD6EC21D0ECC500B9D59E /* CheckboxView.swift in Sources */,
				7CCFEAE7226B242F004F4838 /* SignInErrorPayload.swift in Sources */,
				7CCFEAF0226B242F004F4838 /* Secret.swift in Sources */,
				7CCFEAE3226B242F004F4838 /* LeadLinkKitError.swift in Sources */,
				7CCFEAF8226B3D1D004F4838 /* Model+Extensions.swift in Sources */,
				7CCFEAF6226B3A73004F4838 /* URL+Extensions.swift in Sources */,
				ADBF585322479D4700BDD008 /* QuestionsScrollView.swift in Sources */,
				7CCFEAEA226B242F004F4838 /* RealmAnswer.swift in Sources */,
				ADAAD6F321D0F4CB00B9D59E /* Protocols.swift in Sources */,
				7CC14A23225F7DBB00FEECC5 /* Models.swift in Sources */,
				7CCFEAEB226B242F004F4838 /* RealmOrganization.swift in Sources */,
				7CCFEAFA226B41AA004F4838 /* CodesVC.swift in Sources */,
			);
			runOnlyForDeploymentPostprocessing = 0;
		};
/* End PBXSourcesBuildPhase section */

/* Begin PBXVariantGroup section */
		AD837AA821C7B4E700555917 /* Main.storyboard */ = {
			isa = PBXVariantGroup;
			children = (
				AD837AA921C7B4E700555917 /* Base */,
			);
			name = Main.storyboard;
			sourceTree = "<group>";
		};
		AD837AAD21C7B4E900555917 /* LaunchScreen.storyboard */ = {
			isa = PBXVariantGroup;
			children = (
				AD837AAE21C7B4E900555917 /* Base */,
			);
			name = LaunchScreen.storyboard;
			sourceTree = "<group>";
		};
/* End PBXVariantGroup section */

/* Begin XCBuildConfiguration section */
		AD837AB121C7B4E900555917 /* Debug */ = {
			isa = XCBuildConfiguration;
			buildSettings = {
				ALWAYS_SEARCH_USER_PATHS = NO;
				CLANG_ANALYZER_NONNULL = YES;
				CLANG_ANALYZER_NUMBER_OBJECT_CONVERSION = YES_AGGRESSIVE;
				CLANG_CXX_LANGUAGE_STANDARD = "gnu++14";
				CLANG_CXX_LIBRARY = "libc++";
				CLANG_ENABLE_MODULES = YES;
				CLANG_ENABLE_OBJC_ARC = YES;
				CLANG_ENABLE_OBJC_WEAK = YES;
				CLANG_WARN_BLOCK_CAPTURE_AUTORELEASING = YES;
				CLANG_WARN_BOOL_CONVERSION = YES;
				CLANG_WARN_COMMA = YES;
				CLANG_WARN_CONSTANT_CONVERSION = YES;
				CLANG_WARN_DEPRECATED_OBJC_IMPLEMENTATIONS = YES;
				CLANG_WARN_DIRECT_OBJC_ISA_USAGE = YES_ERROR;
				CLANG_WARN_DOCUMENTATION_COMMENTS = YES;
				CLANG_WARN_EMPTY_BODY = YES;
				CLANG_WARN_ENUM_CONVERSION = YES;
				CLANG_WARN_INFINITE_RECURSION = YES;
				CLANG_WARN_INT_CONVERSION = YES;
				CLANG_WARN_NON_LITERAL_NULL_CONVERSION = YES;
				CLANG_WARN_OBJC_IMPLICIT_RETAIN_SELF = YES;
				CLANG_WARN_OBJC_LITERAL_CONVERSION = YES;
				CLANG_WARN_OBJC_ROOT_CLASS = YES_ERROR;
				CLANG_WARN_RANGE_LOOP_ANALYSIS = YES;
				CLANG_WARN_STRICT_PROTOTYPES = YES;
				CLANG_WARN_SUSPICIOUS_MOVE = YES;
				CLANG_WARN_UNGUARDED_AVAILABILITY = YES_AGGRESSIVE;
				CLANG_WARN_UNREACHABLE_CODE = YES;
				CLANG_WARN__DUPLICATE_METHOD_MATCH = YES;
				CODE_SIGN_IDENTITY = "iPhone Developer";
				COPY_PHASE_STRIP = NO;
				DEBUG_INFORMATION_FORMAT = dwarf;
				ENABLE_STRICT_OBJC_MSGSEND = YES;
				ENABLE_TESTABILITY = YES;
				GCC_C_LANGUAGE_STANDARD = gnu11;
				GCC_DYNAMIC_NO_PIC = NO;
				GCC_NO_COMMON_BLOCKS = YES;
				GCC_OPTIMIZATION_LEVEL = 0;
				GCC_PREPROCESSOR_DEFINITIONS = (
					"DEBUG=1",
					"$(inherited)",
				);
				GCC_WARN_64_TO_32_BIT_CONVERSION = YES;
				GCC_WARN_ABOUT_RETURN_TYPE = YES_ERROR;
				GCC_WARN_UNDECLARED_SELECTOR = YES;
				GCC_WARN_UNINITIALIZED_AUTOS = YES_AGGRESSIVE;
				GCC_WARN_UNUSED_FUNCTION = YES;
				GCC_WARN_UNUSED_VARIABLE = YES;
				IPHONEOS_DEPLOYMENT_TARGET = 12.1;
				MTL_ENABLE_DEBUG_INFO = INCLUDE_SOURCE;
				MTL_FAST_MATH = YES;
				ONLY_ACTIVE_ARCH = YES;
				SDKROOT = iphoneos;
				SWIFT_ACTIVE_COMPILATION_CONDITIONS = DEBUG;
				SWIFT_OPTIMIZATION_LEVEL = "-Onone";
			};
			name = Debug;
		};
		AD837AB221C7B4E900555917 /* Release */ = {
			isa = XCBuildConfiguration;
			buildSettings = {
				ALWAYS_SEARCH_USER_PATHS = NO;
				CLANG_ANALYZER_NONNULL = YES;
				CLANG_ANALYZER_NUMBER_OBJECT_CONVERSION = YES_AGGRESSIVE;
				CLANG_CXX_LANGUAGE_STANDARD = "gnu++14";
				CLANG_CXX_LIBRARY = "libc++";
				CLANG_ENABLE_MODULES = YES;
				CLANG_ENABLE_OBJC_ARC = YES;
				CLANG_ENABLE_OBJC_WEAK = YES;
				CLANG_WARN_BLOCK_CAPTURE_AUTORELEASING = YES;
				CLANG_WARN_BOOL_CONVERSION = YES;
				CLANG_WARN_COMMA = YES;
				CLANG_WARN_CONSTANT_CONVERSION = YES;
				CLANG_WARN_DEPRECATED_OBJC_IMPLEMENTATIONS = YES;
				CLANG_WARN_DIRECT_OBJC_ISA_USAGE = YES_ERROR;
				CLANG_WARN_DOCUMENTATION_COMMENTS = YES;
				CLANG_WARN_EMPTY_BODY = YES;
				CLANG_WARN_ENUM_CONVERSION = YES;
				CLANG_WARN_INFINITE_RECURSION = YES;
				CLANG_WARN_INT_CONVERSION = YES;
				CLANG_WARN_NON_LITERAL_NULL_CONVERSION = YES;
				CLANG_WARN_OBJC_IMPLICIT_RETAIN_SELF = YES;
				CLANG_WARN_OBJC_LITERAL_CONVERSION = YES;
				CLANG_WARN_OBJC_ROOT_CLASS = YES_ERROR;
				CLANG_WARN_RANGE_LOOP_ANALYSIS = YES;
				CLANG_WARN_STRICT_PROTOTYPES = YES;
				CLANG_WARN_SUSPICIOUS_MOVE = YES;
				CLANG_WARN_UNGUARDED_AVAILABILITY = YES_AGGRESSIVE;
				CLANG_WARN_UNREACHABLE_CODE = YES;
				CLANG_WARN__DUPLICATE_METHOD_MATCH = YES;
				CODE_SIGN_IDENTITY = "iPhone Developer";
				COPY_PHASE_STRIP = NO;
				DEBUG_INFORMATION_FORMAT = "dwarf-with-dsym";
				ENABLE_NS_ASSERTIONS = NO;
				ENABLE_STRICT_OBJC_MSGSEND = YES;
				GCC_C_LANGUAGE_STANDARD = gnu11;
				GCC_NO_COMMON_BLOCKS = YES;
				GCC_WARN_64_TO_32_BIT_CONVERSION = YES;
				GCC_WARN_ABOUT_RETURN_TYPE = YES_ERROR;
				GCC_WARN_UNDECLARED_SELECTOR = YES;
				GCC_WARN_UNINITIALIZED_AUTOS = YES_AGGRESSIVE;
				GCC_WARN_UNUSED_FUNCTION = YES;
				GCC_WARN_UNUSED_VARIABLE = YES;
				IPHONEOS_DEPLOYMENT_TARGET = 12.1;
				MTL_ENABLE_DEBUG_INFO = NO;
				MTL_FAST_MATH = YES;
				SDKROOT = iphoneos;
				SWIFT_COMPILATION_MODE = wholemodule;
				SWIFT_OPTIMIZATION_LEVEL = "-O";
				VALIDATE_PRODUCT = YES;
			};
			name = Release;
		};
		AD837AB421C7B4E900555917 /* Debug */ = {
			isa = XCBuildConfiguration;
			baseConfigurationReference = 41D79BCD0AC25180BDDC736E /* Pods-tryLeadLinkModularComponent.debug.xcconfig */;
			buildSettings = {
				ASSETCATALOG_COMPILER_APPICON_NAME = AppIcon;
				CODE_SIGN_STYLE = Automatic;
				DEVELOPMENT_TEAM = S26YPRY864;
				INFOPLIST_FILE = tryLeadLinkModularComponent/Info.plist;
				LD_RUNPATH_SEARCH_PATHS = (
					"$(inherited)",
					"@executable_path/Frameworks",
				);
				PRODUCT_BUNDLE_IDENTIFIER = com.navus.tryLeadLinkModularComponent;
				PRODUCT_NAME = "$(TARGET_NAME)";
				SWIFT_VERSION = 4.2;
				TARGETED_DEVICE_FAMILY = "1,2";
			};
			name = Debug;
		};
		AD837AB521C7B4E900555917 /* Release */ = {
			isa = XCBuildConfiguration;
			baseConfigurationReference = B753BBDE7A61F3AD69DAA1E7 /* Pods-tryLeadLinkModularComponent.release.xcconfig */;
			buildSettings = {
				ASSETCATALOG_COMPILER_APPICON_NAME = AppIcon;
				CODE_SIGN_STYLE = Automatic;
				DEVELOPMENT_TEAM = S26YPRY864;
				INFOPLIST_FILE = tryLeadLinkModularComponent/Info.plist;
				LD_RUNPATH_SEARCH_PATHS = (
					"$(inherited)",
					"@executable_path/Frameworks",
				);
				PRODUCT_BUNDLE_IDENTIFIER = com.navus.tryLeadLinkModularComponent;
				PRODUCT_NAME = "$(TARGET_NAME)";
				SWIFT_VERSION = 4.2;
				TARGETED_DEVICE_FAMILY = "1,2";
			};
			name = Release;
		};
/* End XCBuildConfiguration section */

/* Begin XCConfigurationList section */
		AD837A9C21C7B4E700555917 /* Build configuration list for PBXProject "tryLeadLinkModularComponent" */ = {
			isa = XCConfigurationList;
			buildConfigurations = (
				AD837AB121C7B4E900555917 /* Debug */,
				AD837AB221C7B4E900555917 /* Release */,
			);
			defaultConfigurationIsVisible = 0;
			defaultConfigurationName = Release;
		};
		AD837AB321C7B4E900555917 /* Build configuration list for PBXNativeTarget "tryLeadLinkModularComponent" */ = {
			isa = XCConfigurationList;
			buildConfigurations = (
				AD837AB421C7B4E900555917 /* Debug */,
				AD837AB521C7B4E900555917 /* Release */,
			);
			defaultConfigurationIsVisible = 0;
			defaultConfigurationName = Release;
		};
/* End XCConfigurationList section */
	};
	rootObject = AD837A9921C7B4E700555917 /* Project object */;
}
