// !$*UTF8*$!
{
	archiveVersion = 1;
	classes = {
	};
	objectVersion = 50;
	objects = {

/* Begin PBXBuildFile section */
		AD50390B21CFA7970009EB0C /* RadioBtnView.xib in Resources */ = {isa = PBXBuildFile; fileRef = AD50390921CFA7960009EB0C /* RadioBtnView.xib */; };
		AD50390C21CFA7970009EB0C /* RadioBtnView.swift in Sources */ = {isa = PBXBuildFile; fileRef = AD50390A21CFA7970009EB0C /* RadioBtnView.swift */; };
		AD837AA521C7B4E700555917 /* AppDelegate.swift in Sources */ = {isa = PBXBuildFile; fileRef = AD837AA421C7B4E700555917 /* AppDelegate.swift */; };
		AD837AA721C7B4E700555917 /* ViewController.swift in Sources */ = {isa = PBXBuildFile; fileRef = AD837AA621C7B4E700555917 /* ViewController.swift */; };
		AD837AAA21C7B4E700555917 /* Main.storyboard in Resources */ = {isa = PBXBuildFile; fileRef = AD837AA821C7B4E700555917 /* Main.storyboard */; };
		AD837AAC21C7B4E900555917 /* Assets.xcassets in Resources */ = {isa = PBXBuildFile; fileRef = AD837AAB21C7B4E900555917 /* Assets.xcassets */; };
		AD837AAF21C7B4E900555917 /* LaunchScreen.storyboard in Resources */ = {isa = PBXBuildFile; fileRef = AD837AAD21C7B4E900555917 /* LaunchScreen.storyboard */; };
		AD837AB721C7B50C00555917 /* ViewStacker.xib in Resources */ = {isa = PBXBuildFile; fileRef = AD837AB621C7B50C00555917 /* ViewStacker.xib */; };
		AD837AB921C7BA6800555917 /* ViewStacker.swift in Sources */ = {isa = PBXBuildFile; fileRef = AD837AB821C7BA6800555917 /* ViewStacker.swift */; };
		AD837ABC21C7C0F600555917 /* OneRowStacker.swift in Sources */ = {isa = PBXBuildFile; fileRef = AD837ABB21C7C0F600555917 /* OneRowStacker.swift */; };
		AD837ABE21C7C0FE00555917 /* OneRowStacker.xib in Resources */ = {isa = PBXBuildFile; fileRef = AD837ABD21C7C0FE00555917 /* OneRowStacker.xib */; };
		AD837AC521C7C68000555917 /* LabelAndTextView.swift in Sources */ = {isa = PBXBuildFile; fileRef = AD837AC321C7C67F00555917 /* LabelAndTextView.swift */; };
		AD837AC621C7C68000555917 /* LabelAndTextView.xib in Resources */ = {isa = PBXBuildFile; fileRef = AD837AC421C7C67F00555917 /* LabelAndTextView.xib */; };
		ADAAD6EA21D0ECB600B9D59E /* CheckboxView.xib in Resources */ = {isa = PBXBuildFile; fileRef = ADAAD6E921D0ECB600B9D59E /* CheckboxView.xib */; };
		ADAAD6EC21D0ECC500B9D59E /* CheckboxView.swift in Sources */ = {isa = PBXBuildFile; fileRef = ADAAD6EB21D0ECC500B9D59E /* CheckboxView.swift */; };
		ADAAD6F321D0F4CB00B9D59E /* Protocols.swift in Sources */ = {isa = PBXBuildFile; fileRef = ADAAD6F221D0F4CB00B9D59E /* Protocols.swift */; };
		ADAAD6F521D0F7B700B9D59E /* LabelBtnSwitchView.xib in Resources */ = {isa = PBXBuildFile; fileRef = ADAAD6F421D0F7B700B9D59E /* LabelBtnSwitchView.xib */; };
		ADAAD6F721D0FBAC00B9D59E /* LabelBtnSwitchView.swift in Sources */ = {isa = PBXBuildFile; fileRef = ADAAD6F621D0FBAC00B9D59E /* LabelBtnSwitchView.swift */; };
/* End PBXBuildFile section */

/* Begin PBXFileReference section */
		AD50390921CFA7960009EB0C /* RadioBtnView.xib */ = {isa = PBXFileReference; fileEncoding = 4; lastKnownFileType = file.xib; path = RadioBtnView.xib; sourceTree = "<group>"; };
		AD50390A21CFA7970009EB0C /* RadioBtnView.swift */ = {isa = PBXFileReference; fileEncoding = 4; lastKnownFileType = sourcecode.swift; path = RadioBtnView.swift; sourceTree = "<group>"; };
		AD837AA121C7B4E700555917 /* tryLeadLinkModularComponent.app */ = {isa = PBXFileReference; explicitFileType = wrapper.application; includeInIndex = 0; path = tryLeadLinkModularComponent.app; sourceTree = BUILT_PRODUCTS_DIR; };
		AD837AA421C7B4E700555917 /* AppDelegate.swift */ = {isa = PBXFileReference; lastKnownFileType = sourcecode.swift; path = AppDelegate.swift; sourceTree = "<group>"; };
		AD837AA621C7B4E700555917 /* ViewController.swift */ = {isa = PBXFileReference; lastKnownFileType = sourcecode.swift; path = ViewController.swift; sourceTree = "<group>"; };
		AD837AA921C7B4E700555917 /* Base */ = {isa = PBXFileReference; lastKnownFileType = file.storyboard; name = Base; path = Base.lproj/Main.storyboard; sourceTree = "<group>"; };
		AD837AAB21C7B4E900555917 /* Assets.xcassets */ = {isa = PBXFileReference; lastKnownFileType = folder.assetcatalog; path = Assets.xcassets; sourceTree = "<group>"; };
		AD837AAE21C7B4E900555917 /* Base */ = {isa = PBXFileReference; lastKnownFileType = file.storyboard; name = Base; path = Base.lproj/LaunchScreen.storyboard; sourceTree = "<group>"; };
		AD837AB021C7B4E900555917 /* Info.plist */ = {isa = PBXFileReference; lastKnownFileType = text.plist.xml; path = Info.plist; sourceTree = "<group>"; };
		AD837AB621C7B50C00555917 /* ViewStacker.xib */ = {isa = PBXFileReference; lastKnownFileType = file.xib; path = ViewStacker.xib; sourceTree = "<group>"; };
		AD837AB821C7BA6800555917 /* ViewStacker.swift */ = {isa = PBXFileReference; lastKnownFileType = sourcecode.swift; path = ViewStacker.swift; sourceTree = "<group>"; };
		AD837ABB21C7C0F600555917 /* OneRowStacker.swift */ = {isa = PBXFileReference; lastKnownFileType = sourcecode.swift; path = OneRowStacker.swift; sourceTree = "<group>"; };
		AD837ABD21C7C0FE00555917 /* OneRowStacker.xib */ = {isa = PBXFileReference; lastKnownFileType = file.xib; path = OneRowStacker.xib; sourceTree = "<group>"; };
		AD837AC321C7C67F00555917 /* LabelAndTextView.swift */ = {isa = PBXFileReference; fileEncoding = 4; lastKnownFileType = sourcecode.swift; path = LabelAndTextView.swift; sourceTree = "<group>"; };
		AD837AC421C7C67F00555917 /* LabelAndTextView.xib */ = {isa = PBXFileReference; fileEncoding = 4; lastKnownFileType = file.xib; path = LabelAndTextView.xib; sourceTree = "<group>"; };
		ADAAD6E921D0ECB600B9D59E /* CheckboxView.xib */ = {isa = PBXFileReference; lastKnownFileType = file.xib; path = CheckboxView.xib; sourceTree = "<group>"; };
		ADAAD6EB21D0ECC500B9D59E /* CheckboxView.swift */ = {isa = PBXFileReference; lastKnownFileType = sourcecode.swift; path = CheckboxView.swift; sourceTree = "<group>"; };
		ADAAD6F221D0F4CB00B9D59E /* Protocols.swift */ = {isa = PBXFileReference; lastKnownFileType = sourcecode.swift; path = Protocols.swift; sourceTree = "<group>"; };
		ADAAD6F421D0F7B700B9D59E /* LabelBtnSwitchView.xib */ = {isa = PBXFileReference; lastKnownFileType = file.xib; path = LabelBtnSwitchView.xib; sourceTree = "<group>"; };
		ADAAD6F621D0FBAC00B9D59E /* LabelBtnSwitchView.swift */ = {isa = PBXFileReference; lastKnownFileType = sourcecode.swift; path = LabelBtnSwitchView.swift; sourceTree = "<group>"; };
/* End PBXFileReference section */

/* Begin PBXFrameworksBuildPhase section */
		AD837A9E21C7B4E700555917 /* Frameworks */ = {
			isa = PBXFrameworksBuildPhase;
			buildActionMask = 2147483647;
			files = (
			);
			runOnlyForDeploymentPostprocessing = 0;
		};
/* End PBXFrameworksBuildPhase section */

/* Begin PBXGroup section */
		AD837A9821C7B4E700555917 = {
			isa = PBXGroup;
			children = (
				AD837AA321C7B4E700555917 /* tryLeadLinkModularComponent */,
				AD837AA221C7B4E700555917 /* Products */,
			);
			sourceTree = "<group>";
		};
		AD837AA221C7B4E700555917 /* Products */ = {
			isa = PBXGroup;
			children = (
				AD837AA121C7B4E700555917 /* tryLeadLinkModularComponent.app */,
			);
			name = Products;
			sourceTree = "<group>";
		};
		AD837AA321C7B4E700555917 /* tryLeadLinkModularComponent */ = {
			isa = PBXGroup;
			children = (
				ADAAD6F121D0F4BE00B9D59E /* Protocols */,
				AD837AA421C7B4E700555917 /* AppDelegate.swift */,
				AD837ABA21C7BA7100555917 /* Views */,
				AD837AA621C7B4E700555917 /* ViewController.swift */,
				AD837AA821C7B4E700555917 /* Main.storyboard */,
				AD837AAB21C7B4E900555917 /* Assets.xcassets */,
				AD837AAD21C7B4E900555917 /* LaunchScreen.storyboard */,
				AD837AB021C7B4E900555917 /* Info.plist */,
			);
			path = tryLeadLinkModularComponent;
			sourceTree = "<group>";
		};
		AD837ABA21C7BA7100555917 /* Views */ = {
			isa = PBXGroup;
			children = (
				AD50390921CFA7960009EB0C /* RadioBtnView.xib */,
				AD50390A21CFA7970009EB0C /* RadioBtnView.swift */,
				ADAAD6E921D0ECB600B9D59E /* CheckboxView.xib */,
				ADAAD6EB21D0ECC500B9D59E /* CheckboxView.swift */,
				AD837AB621C7B50C00555917 /* ViewStacker.xib */,
				AD837AB821C7BA6800555917 /* ViewStacker.swift */,
				AD837ABD21C7C0FE00555917 /* OneRowStacker.xib */,
				AD837ABB21C7C0F600555917 /* OneRowStacker.swift */,
				AD837AC321C7C67F00555917 /* LabelAndTextView.swift */,
				AD837AC421C7C67F00555917 /* LabelAndTextView.xib */,
				ADAAD6F621D0FBAC00B9D59E /* LabelBtnSwitchView.swift */,
				ADAAD6F421D0F7B700B9D59E /* LabelBtnSwitchView.xib */,
			);
			path = Views;
			sourceTree = "<group>";
		};
		ADAAD6F121D0F4BE00B9D59E /* Protocols */ = {
			isa = PBXGroup;
			children = (
				ADAAD6F221D0F4CB00B9D59E /* Protocols.swift */,
			);
			path = Protocols;
			sourceTree = "<group>";
		};
/* End PBXGroup section */

/* Begin PBXNativeTarget section */
		AD837AA021C7B4E700555917 /* tryLeadLinkModularComponent */ = {
			isa = PBXNativeTarget;
			buildConfigurationList = AD837AB321C7B4E900555917 /* Build configuration list for PBXNativeTarget "tryLeadLinkModularComponent" */;
			buildPhases = (
				AD837A9D21C7B4E700555917 /* Sources */,
				AD837A9E21C7B4E700555917 /* Frameworks */,
				AD837A9F21C7B4E700555917 /* Resources */,
			);
			buildRules = (
			);
			dependencies = (
			);
			name = tryLeadLinkModularComponent;
			productName = tryLeadLinkModularComponent;
			productReference = AD837AA121C7B4E700555917 /* tryLeadLinkModularComponent.app */;
			productType = "com.apple.product-type.application";
		};
/* End PBXNativeTarget section */

/* Begin PBXProject section */
		AD837A9921C7B4E700555917 /* Project object */ = {
			isa = PBXProject;
			attributes = {
				LastSwiftUpdateCheck = 1010;
				LastUpgradeCheck = 1010;
				ORGANIZATIONNAME = "Marko Dimitrijevic";
				TargetAttributes = {
					AD837AA021C7B4E700555917 = {
						CreatedOnToolsVersion = 10.1;
					};
				};
			};
			buildConfigurationList = AD837A9C21C7B4E700555917 /* Build configuration list for PBXProject "tryLeadLinkModularComponent" */;
			compatibilityVersion = "Xcode 9.3";
			developmentRegion = en;
			hasScannedForEncodings = 0;
			knownRegions = (
				en,
				Base,
			);
			mainGroup = AD837A9821C7B4E700555917;
			productRefGroup = AD837AA221C7B4E700555917 /* Products */;
			projectDirPath = "";
			projectRoot = "";
			targets = (
				AD837AA021C7B4E700555917 /* tryLeadLinkModularComponent */,
			);
		};
/* End PBXProject section */

/* Begin PBXResourcesBuildPhase section */
		AD837A9F21C7B4E700555917 /* Resources */ = {
			isa = PBXResourcesBuildPhase;
			buildActionMask = 2147483647;
			files = (
				AD837AAF21C7B4E900555917 /* LaunchScreen.storyboard in Resources */,
				AD837ABE21C7C0FE00555917 /* OneRowStacker.xib in Resources */,
				ADAAD6EA21D0ECB600B9D59E /* CheckboxView.xib in Resources */,
				AD837AB721C7B50C00555917 /* ViewStacker.xib in Resources */,
				AD837AAC21C7B4E900555917 /* Assets.xcassets in Resources */,
				AD837AC621C7C68000555917 /* LabelAndTextView.xib in Resources */,
				ADAAD6F521D0F7B700B9D59E /* LabelBtnSwitchView.xib in Resources */,
				AD50390B21CFA7970009EB0C /* RadioBtnView.xib in Resources */,
				AD837AAA21C7B4E700555917 /* Main.storyboard in Resources */,
			);
			runOnlyForDeploymentPostprocessing = 0;
		};
/* End PBXResourcesBuildPhase section */

/* Begin PBXSourcesBuildPhase section */
		AD837A9D21C7B4E700555917 /* Sources */ = {
			isa = PBXSourcesBuildPhase;
			buildActionMask = 2147483647;
			files = (
				AD837AC521C7C68000555917 /* LabelAndTextView.swift in Sources */,
				AD837AA721C7B4E700555917 /* ViewController.swift in Sources */,
				AD837ABC21C7C0F600555917 /* OneRowStacker.swift in Sources */,
				AD50390C21CFA7970009EB0C /* RadioBtnView.swift in Sources */,
				ADAAD6F721D0FBAC00B9D59E /* LabelBtnSwitchView.swift in Sources */,
				AD837AB921C7BA6800555917 /* ViewStacker.swift in Sources */,
				AD837AA521C7B4E700555917 /* AppDelegate.swift in Sources */,
				ADAAD6EC21D0ECC500B9D59E /* CheckboxView.swift in Sources */,
				ADAAD6F321D0F4CB00B9D59E /* Protocols.swift in Sources */,
			);
			runOnlyForDeploymentPostprocessing = 0;
		};
/* End PBXSourcesBuildPhase section */

/* Begin PBXVariantGroup section */
		AD837AA821C7B4E700555917 /* Main.storyboard */ = {
			isa = PBXVariantGroup;
			children = (
				AD837AA921C7B4E700555917 /* Base */,
			);
			name = Main.storyboard;
			sourceTree = "<group>";
		};
		AD837AAD21C7B4E900555917 /* LaunchScreen.storyboard */ = {
			isa = PBXVariantGroup;
			children = (
				AD837AAE21C7B4E900555917 /* Base */,
			);
			name = LaunchScreen.storyboard;
			sourceTree = "<group>";
		};
/* End PBXVariantGroup section */

/* Begin XCBuildConfiguration section */
		AD837AB121C7B4E900555917 /* Debug */ = {
			isa = XCBuildConfiguration;
			buildSettings = {
				ALWAYS_SEARCH_USER_PATHS = NO;
				CLANG_ANALYZER_NONNULL = YES;
				CLANG_ANALYZER_NUMBER_OBJECT_CONVERSION = YES_AGGRESSIVE;
				CLANG_CXX_LANGUAGE_STANDARD = "gnu++14";
				CLANG_CXX_LIBRARY = "libc++";
				CLANG_ENABLE_MODULES = YES;
				CLANG_ENABLE_OBJC_ARC = YES;
				CLANG_ENABLE_OBJC_WEAK = YES;
				CLANG_WARN_BLOCK_CAPTURE_AUTORELEASING = YES;
				CLANG_WARN_BOOL_CONVERSION = YES;
				CLANG_WARN_COMMA = YES;
				CLANG_WARN_CONSTANT_CONVERSION = YES;
				CLANG_WARN_DEPRECATED_OBJC_IMPLEMENTATIONS = YES;
				CLANG_WARN_DIRECT_OBJC_ISA_USAGE = YES_ERROR;
				CLANG_WARN_DOCUMENTATION_COMMENTS = YES;
				CLANG_WARN_EMPTY_BODY = YES;
				CLANG_WARN_ENUM_CONVERSION = YES;
				CLANG_WARN_INFINITE_RECURSION = YES;
				CLANG_WARN_INT_CONVERSION = YES;
				CLANG_WARN_NON_LITERAL_NULL_CONVERSION = YES;
				CLANG_WARN_OBJC_IMPLICIT_RETAIN_SELF = YES;
				CLANG_WARN_OBJC_LITERAL_CONVERSION = YES;
				CLANG_WARN_OBJC_ROOT_CLASS = YES_ERROR;
				CLANG_WARN_RANGE_LOOP_ANALYSIS = YES;
				CLANG_WARN_STRICT_PROTOTYPES = YES;
				CLANG_WARN_SUSPICIOUS_MOVE = YES;
				CLANG_WARN_UNGUARDED_AVAILABILITY = YES_AGGRESSIVE;
				CLANG_WARN_UNREACHABLE_CODE = YES;
				CLANG_WARN__DUPLICATE_METHOD_MATCH = YES;
				CODE_SIGN_IDENTITY = "iPhone Developer";
				COPY_PHASE_STRIP = NO;
				DEBUG_INFORMATION_FORMAT = dwarf;
				ENABLE_STRICT_OBJC_MSGSEND = YES;
				ENABLE_TESTABILITY = YES;
				GCC_C_LANGUAGE_STANDARD = gnu11;
				GCC_DYNAMIC_NO_PIC = NO;
				GCC_NO_COMMON_BLOCKS = YES;
				GCC_OPTIMIZATION_LEVEL = 0;
				GCC_PREPROCESSOR_DEFINITIONS = (
					"DEBUG=1",
					"$(inherited)",
				);
				GCC_WARN_64_TO_32_BIT_CONVERSION = YES;
				GCC_WARN_ABOUT_RETURN_TYPE = YES_ERROR;
				GCC_WARN_UNDECLARED_SELECTOR = YES;
				GCC_WARN_UNINITIALIZED_AUTOS = YES_AGGRESSIVE;
				GCC_WARN_UNUSED_FUNCTION = YES;
				GCC_WARN_UNUSED_VARIABLE = YES;
				IPHONEOS_DEPLOYMENT_TARGET = 12.1;
				MTL_ENABLE_DEBUG_INFO = INCLUDE_SOURCE;
				MTL_FAST_MATH = YES;
				ONLY_ACTIVE_ARCH = YES;
				SDKROOT = iphoneos;
				SWIFT_ACTIVE_COMPILATION_CONDITIONS = DEBUG;
				SWIFT_OPTIMIZATION_LEVEL = "-Onone";
			};
			name = Debug;
		};
		AD837AB221C7B4E900555917 /* Release */ = {
			isa = XCBuildConfiguration;
			buildSettings = {
				ALWAYS_SEARCH_USER_PATHS = NO;
				CLANG_ANALYZER_NONNULL = YES;
				CLANG_ANALYZER_NUMBER_OBJECT_CONVERSION = YES_AGGRESSIVE;
				CLANG_CXX_LANGUAGE_STANDARD = "gnu++14";
				CLANG_CXX_LIBRARY = "libc++";
				CLANG_ENABLE_MODULES = YES;
				CLANG_ENABLE_OBJC_ARC = YES;
				CLANG_ENABLE_OBJC_WEAK = YES;
				CLANG_WARN_BLOCK_CAPTURE_AUTORELEASING = YES;
				CLANG_WARN_BOOL_CONVERSION = YES;
				CLANG_WARN_COMMA = YES;
				CLANG_WARN_CONSTANT_CONVERSION = YES;
				CLANG_WARN_DEPRECATED_OBJC_IMPLEMENTATIONS = YES;
				CLANG_WARN_DIRECT_OBJC_ISA_USAGE = YES_ERROR;
				CLANG_WARN_DOCUMENTATION_COMMENTS = YES;
				CLANG_WARN_EMPTY_BODY = YES;
				CLANG_WARN_ENUM_CONVERSION = YES;
				CLANG_WARN_INFINITE_RECURSION = YES;
				CLANG_WARN_INT_CONVERSION = YES;
				CLANG_WARN_NON_LITERAL_NULL_CONVERSION = YES;
				CLANG_WARN_OBJC_IMPLICIT_RETAIN_SELF = YES;
				CLANG_WARN_OBJC_LITERAL_CONVERSION = YES;
				CLANG_WARN_OBJC_ROOT_CLASS = YES_ERROR;
				CLANG_WARN_RANGE_LOOP_ANALYSIS = YES;
				CLANG_WARN_STRICT_PROTOTYPES = YES;
				CLANG_WARN_SUSPICIOUS_MOVE = YES;
				CLANG_WARN_UNGUARDED_AVAILABILITY = YES_AGGRESSIVE;
				CLANG_WARN_UNREACHABLE_CODE = YES;
				CLANG_WARN__DUPLICATE_METHOD_MATCH = YES;
				CODE_SIGN_IDENTITY = "iPhone Developer";
				COPY_PHASE_STRIP = NO;
				DEBUG_INFORMATION_FORMAT = "dwarf-with-dsym";
				ENABLE_NS_ASSERTIONS = NO;
				ENABLE_STRICT_OBJC_MSGSEND = YES;
				GCC_C_LANGUAGE_STANDARD = gnu11;
				GCC_NO_COMMON_BLOCKS = YES;
				GCC_WARN_64_TO_32_BIT_CONVERSION = YES;
				GCC_WARN_ABOUT_RETURN_TYPE = YES_ERROR;
				GCC_WARN_UNDECLARED_SELECTOR = YES;
				GCC_WARN_UNINITIALIZED_AUTOS = YES_AGGRESSIVE;
				GCC_WARN_UNUSED_FUNCTION = YES;
				GCC_WARN_UNUSED_VARIABLE = YES;
				IPHONEOS_DEPLOYMENT_TARGET = 12.1;
				MTL_ENABLE_DEBUG_INFO = NO;
				MTL_FAST_MATH = YES;
				SDKROOT = iphoneos;
				SWIFT_COMPILATION_MODE = wholemodule;
				SWIFT_OPTIMIZATION_LEVEL = "-O";
				VALIDATE_PRODUCT = YES;
			};
			name = Release;
		};
		AD837AB421C7B4E900555917 /* Debug */ = {
			isa = XCBuildConfiguration;
			buildSettings = {
				ASSETCATALOG_COMPILER_APPICON_NAME = AppIcon;
				CODE_SIGN_STYLE = Automatic;
				DEVELOPMENT_TEAM = S26YPRY864;
				INFOPLIST_FILE = tryLeadLinkModularComponent/Info.plist;
				LD_RUNPATH_SEARCH_PATHS = (
					"$(inherited)",
					"@executable_path/Frameworks",
				);
				PRODUCT_BUNDLE_IDENTIFIER = com.navus.tryLeadLinkModularComponent;
				PRODUCT_NAME = "$(TARGET_NAME)";
				SWIFT_VERSION = 4.2;
				TARGETED_DEVICE_FAMILY = "1,2";
			};
			name = Debug;
		};
		AD837AB521C7B4E900555917 /* Release */ = {
			isa = XCBuildConfiguration;
			buildSettings = {
				ASSETCATALOG_COMPILER_APPICON_NAME = AppIcon;
				CODE_SIGN_STYLE = Automatic;
				DEVELOPMENT_TEAM = S26YPRY864;
				INFOPLIST_FILE = tryLeadLinkModularComponent/Info.plist;
				LD_RUNPATH_SEARCH_PATHS = (
					"$(inherited)",
					"@executable_path/Frameworks",
				);
				PRODUCT_BUNDLE_IDENTIFIER = com.navus.tryLeadLinkModularComponent;
				PRODUCT_NAME = "$(TARGET_NAME)";
				SWIFT_VERSION = 4.2;
				TARGETED_DEVICE_FAMILY = "1,2";
			};
			name = Release;
		};
/* End XCBuildConfiguration section */

/* Begin XCConfigurationList section */
		AD837A9C21C7B4E700555917 /* Build configuration list for PBXProject "tryLeadLinkModularComponent" */ = {
			isa = XCConfigurationList;
			buildConfigurations = (
				AD837AB121C7B4E900555917 /* Debug */,
				AD837AB221C7B4E900555917 /* Release */,
			);
			defaultConfigurationIsVisible = 0;
			defaultConfigurationName = Release;
		};
		AD837AB321C7B4E900555917 /* Build configuration list for PBXNativeTarget "tryLeadLinkModularComponent" */ = {
			isa = XCConfigurationList;
			buildConfigurations = (
				AD837AB421C7B4E900555917 /* Debug */,
				AD837AB521C7B4E900555917 /* Release */,
			);
			defaultConfigurationIsVisible = 0;
			defaultConfigurationName = Release;
		};
/* End XCConfigurationList section */
	};
	rootObject = AD837A9921C7B4E700555917 /* Project object */;
}
